{
  "name": "parcel-reporter-test",
  "version": "0.0.1",
  "lockfileVersion": 1,
  "requires": true,
  "dependencies": {
    "@parcel/plugin": {
      "version": "2.0.0-nightly.648",
      "resolved": "https://registry.npmjs.org/@parcel/plugin/-/plugin-2.0.0-nightly.648.tgz",
      "integrity": "sha512-sq1KO7we8rV4Dvn4wGEYRA3Pmg3cNeEZOyFSmKmnDlSoA5g2iqMQi979NCvtx2CY80/iAynD3Pmx7vag4s6pSA==",
      "dev": true,
      "requires": {
        "@parcel/types": "2.0.0-nightly.648+4949f153"
      }
    },
    "@parcel/types": {
      "version": "2.0.0-nightly.648",
      "resolved": "https://registry.npmjs.org/@parcel/types/-/types-2.0.0-nightly.648.tgz",
      "integrity": "sha512-qxMncCWln7EQtvICCInxQbtqQsbU+mWpewkEVgDofgDt60mZmP7VADagx6RMd9Ff7k4D1aFvtatvAgAQAMKLfw==",
      "dev": true
    }
  }
}
